
Microsoft Visual Studio Solution File, Format Version 12.00
# Visual Studio Version 16
VisualStudioVersion = 16.0.31229.75
MinimumVisualStudioVersion = 10.0.40219.1
Project("{FAE04EC0-301F-11D3-BF4B-00C04F79EFBC}") = "EasyRegexLibrary", "EasyRegexLibrary\EasyRegexLibrary.csproj", "{FDBB0914-190B-41CA-B488-E7228CF3EE73}"
EndProject
Project("{FAE04EC0-301F-11D3-BF4B-00C04F79EFBC}") = "EasyRegexLibraryTester", "EasyRegexLibraryTester\EasyRegexLibraryTester.csproj", "{3547894C-B5B4-4CE2-A793-4708C02BE090}"
EndProject
Global
	GlobalSection(SolutionConfigurationPlatforms) = preSolution
		Debug|Any CPU = Debug|Any CPU
		Release|Any CPU = Release|Any CPU
	EndGlobalSection
	GlobalSection(ProjectConfigurationPlatforms) = postSolution
		{FDBB0914-190B-41CA-B488-E7228CF3EE73}.Debug|Any CPU.ActiveCfg = Debug|Any CPU
		{FDBB0914-190B-41CA-B488-E7228CF3EE73}.Debug|Any CPU.Build.0 = Debug|Any CPU
		{FDBB0914-190B-41CA-B488-E7228CF3EE73}.Release|Any CPU.ActiveCfg = Release|Any CPU
		{FDBB0914-190B-41CA-B488-E7228CF3EE73}.Release|Any CPU.Build.0 = Release|Any CPU
		{3547894C-B5B4-4CE2-A793-4708C02BE090}.Debug|Any CPU.ActiveCfg = Debug|Any CPU
		{3547894C-B5B4-4CE2-A793-4708C02BE090}.Debug|Any CPU.Build.0 = Debug|Any CPU
		{3547894C-B5B4-4CE2-A793-4708C02BE090}.Release|Any CPU.ActiveCfg = Release|Any CPU
		{3547894C-B5B4-4CE2-A793-4708C02BE090}.Release|Any CPU.Build.0 = Release|Any CPU
	EndGlobalSection
	GlobalSection(SolutionProperties) = preSolution
		HideSolutionNode = FALSE
	EndGlobalSection
	GlobalSection(ExtensibilityGlobals) = postSolution
		SolutionGuid = {EFFA4AD6-6D4C-43C7-866E-707C9F810B2A}
	EndGlobalSection
EndGlobal
